
Microsoft Visual Studio Solution File, Format Version 12.00
# Visual Studio Version 16
VisualStudioVersion = 16.0.31205.134
MinimumVisualStudioVersion = 10.0.40219.1
Project("{8BC9CEB8-8B4A-11D0-8D11-00A0C91BC942}") = "First Project", "First\First.vcxproj", "{32208FB7-09FF-4880-A470-1CB60B74FAAD}"
EndProject
Project("{8BC9CEB8-8B4A-11D0-8D11-00A0C91BC942}") = "Final Project", "Final Project\Final Project.vcxproj", "{B92106BC-A21E-4268-A724-FEAD6102E57C}"
EndProject
Project("{8BC9CEB8-8B4A-11D0-8D11-00A0C91BC942}") = "TestCurl", "TestCurl\TestCurl.vcxproj", "{E54121BF-84BC-47A5-9E90-54023EF645FF}"
EndProject
Project("{8BC9CEB8-8B4A-11D0-8D11-00A0C91BC942}") = "Pascal Triangle", "Pascal Triangle\Pascal Triangle.vcxproj", "{13AD1029-AADD-4F8C-9CD8-445DD4B4CF07}"
EndProject
Project("{8BC9CEB8-8B4A-11D0-8D11-00A0C91BC942}") = "Calculate Score", "Calculate Score\Calculate Score.vcxproj", "{DA107AF6-A16B-4C70-8AAA-A43CC33D4013}"
EndProject
Global
	GlobalSection(SolutionConfigurationPlatforms) = preSolution
		Debug|x64 = Debug|x64
		Debug|x86 = Debug|x86
		Release|x64 = Release|x64
		Release|x86 = Release|x86
	EndGlobalSection
	GlobalSection(ProjectConfigurationPlatforms) = postSolution
		{32208FB7-09FF-4880-A470-1CB60B74FAAD}.Debug|x64.ActiveCfg = Debug|x64
		{32208FB7-09FF-4880-A470-1CB60B74FAAD}.Debug|x64.Build.0 = Debug|x64
		{32208FB7-09FF-4880-A470-1CB60B74FAAD}.Debug|x86.ActiveCfg = Debug|Win32
		{32208FB7-09FF-4880-A470-1CB60B74FAAD}.Debug|x86.Build.0 = Debug|Win32
		{32208FB7-09FF-4880-A470-1CB60B74FAAD}.Release|x64.ActiveCfg = Release|x64
		{32208FB7-09FF-4880-A470-1CB60B74FAAD}.Release|x64.Build.0 = Release|x64
		{32208FB7-09FF-4880-A470-1CB60B74FAAD}.Release|x86.ActiveCfg = Release|Win32
		{32208FB7-09FF-4880-A470-1CB60B74FAAD}.Release|x86.Build.0 = Release|Win32
		{B92106BC-A21E-4268-A724-FEAD6102E57C}.Debug|x64.ActiveCfg = Debug|x64
		{B92106BC-A21E-4268-A724-FEAD6102E57C}.Debug|x64.Build.0 = Debug|x64
		{B92106BC-A21E-4268-A724-FEAD6102E57C}.Debug|x86.ActiveCfg = Debug|Win32
		{B92106BC-A21E-4268-A724-FEAD6102E57C}.Debug|x86.Build.0 = Debug|Win32
		{B92106BC-A21E-4268-A724-FEAD6102E57C}.Release|x64.ActiveCfg = Release|x64
		{B92106BC-A21E-4268-A724-FEAD6102E57C}.Release|x64.Build.0 = Release|x64
		{B92106BC-A21E-4268-A724-FEAD6102E57C}.Release|x86.ActiveCfg = Release|Win32
		{B92106BC-A21E-4268-A724-FEAD6102E57C}.Release|x86.Build.0 = Release|Win32
		{E54121BF-84BC-47A5-9E90-54023EF645FF}.Debug|x64.ActiveCfg = Debug|x64
		{E54121BF-84BC-47A5-9E90-54023EF645FF}.Debug|x64.Build.0 = Debug|x64
		{E54121BF-84BC-47A5-9E90-54023EF645FF}.Debug|x86.ActiveCfg = Debug|Win32
		{E54121BF-84BC-47A5-9E90-54023EF645FF}.Debug|x86.Build.0 = Debug|Win32
		{E54121BF-84BC-47A5-9E90-54023EF645FF}.Release|x64.ActiveCfg = Release|x64
		{E54121BF-84BC-47A5-9E90-54023EF645FF}.Release|x64.Build.0 = Release|x64
		{E54121BF-84BC-47A5-9E90-54023EF645FF}.Release|x86.ActiveCfg = Release|Win32
		{E54121BF-84BC-47A5-9E90-54023EF645FF}.Release|x86.Build.0 = Release|Win32
		{13AD1029-AADD-4F8C-9CD8-445DD4B4CF07}.Debug|x64.ActiveCfg = Debug|x64
		{13AD1029-AADD-4F8C-9CD8-445DD4B4CF07}.Debug|x64.Build.0 = Debug|x64
		{13AD1029-AADD-4F8C-9CD8-445DD4B4CF07}.Debug|x86.ActiveCfg = Debug|Win32
		{13AD1029-AADD-4F8C-9CD8-445DD4B4CF07}.Debug|x86.Build.0 = Debug|Win32
		{13AD1029-AADD-4F8C-9CD8-445DD4B4CF07}.Release|x64.ActiveCfg = Release|x64
		{13AD1029-AADD-4F8C-9CD8-445DD4B4CF07}.Release|x64.Build.0 = Release|x64
		{13AD1029-AADD-4F8C-9CD8-445DD4B4CF07}.Release|x86.ActiveCfg = Release|Win32
		{13AD1029-AADD-4F8C-9CD8-445DD4B4CF07}.Release|x86.Build.0 = Release|Win32
		{DA107AF6-A16B-4C70-8AAA-A43CC33D4013}.Debug|x64.ActiveCfg = Debug|x64
		{DA107AF6-A16B-4C70-8AAA-A43CC33D4013}.Debug|x64.Build.0 = Debug|x64
		{DA107AF6-A16B-4C70-8AAA-A43CC33D4013}.Debug|x86.ActiveCfg = Debug|Win32
		{DA107AF6-A16B-4C70-8AAA-A43CC33D4013}.Debug|x86.Build.0 = Debug|Win32
		{DA107AF6-A16B-4C70-8AAA-A43CC33D4013}.Release|x64.ActiveCfg = Release|x64
		{DA107AF6-A16B-4C70-8AAA-A43CC33D4013}.Release|x64.Build.0 = Release|x64
		{DA107AF6-A16B-4C70-8AAA-A43CC33D4013}.Release|x86.ActiveCfg = Release|Win32
		{DA107AF6-A16B-4C70-8AAA-A43CC33D4013}.Release|x86.Build.0 = Release|Win32
	EndGlobalSection
	GlobalSection(SolutionProperties) = preSolution
		HideSolutionNode = FALSE
	EndGlobalSection
	GlobalSection(ExtensibilityGlobals) = postSolution
		SolutionGuid = {67BE6495-D85A-423C-A0E7-96FBF437B33A}
	EndGlobalSection
EndGlobal
